// !$*UTF8*$!
{
	archiveVersion = 1;
	classes = {
	};
	objectVersion = 56;
	objects = {

/* Begin PBXBuildFile section */
		A40F6A152975E69B00F82F50 /* Pop_A_TaskApp.swift in Sources */ = {isa = PBXBuildFile; fileRef = A40F6A142975E69B00F82F50 /* Pop_A_TaskApp.swift */; };
		A40F6A172975E69B00F82F50 /* ContentView.swift in Sources */ = {isa = PBXBuildFile; fileRef = A40F6A162975E69B00F82F50 /* ContentView.swift */; };
		A40F6A192975E69D00F82F50 /* Assets.xcassets in Resources */ = {isa = PBXBuildFile; fileRef = A40F6A182975E69D00F82F50 /* Assets.xcassets */; };
		A40F6A1C2975E69D00F82F50 /* Preview Assets.xcassets in Resources */ = {isa = PBXBuildFile; fileRef = A40F6A1B2975E69D00F82F50 /* Preview Assets.xcassets */; };
		A47859BE299F4E5000B9D07A /* GroupModelView.swift in Sources */ = {isa = PBXBuildFile; fileRef = A47859BD299F4E5000B9D07A /* GroupModelView.swift */; };
		A4E4756C298E64C100763BEE /* HomePage.swift in Sources */ = {isa = PBXBuildFile; fileRef = A4E4756B298E64C100763BEE /* HomePage.swift */; };
		A4EAFEEC2991B04100F8E84E /* taskView.swift in Sources */ = {isa = PBXBuildFile; fileRef = A4EAFEEB2991B04100F8E84E /* taskView.swift */; };
		B8D1690F2991F5E800CE612E /* AddgroupView.swift in Sources */ = {isa = PBXBuildFile; fileRef = B8D1690E2991F5E800CE612E /* AddgroupView.swift */; };
		B8D8A0A0299C917F00906A8C /* GroupViewModel.swift in Sources */ = {isa = PBXBuildFile; fileRef = B8D8A09F299C917F00906A8C /* GroupViewModel.swift */; };
		B8D8A0A3299C91E900906A8C /* GroupRow.swift in Sources */ = {isa = PBXBuildFile; fileRef = B8D8A0A2299C91E900906A8C /* GroupRow.swift */; };
		B8D8A0A5299C920500906A8C /* GroupDetail.swift in Sources */ = {isa = PBXBuildFile; fileRef = B8D8A0A4299C920500906A8C /* GroupDetail.swift */; };
		B8D8A0A7299C921800906A8C /* Groups.swift in Sources */ = {isa = PBXBuildFile; fileRef = B8D8A0A6299C921800906A8C /* Groups.swift */; };
		B8D8A0A9299C922500906A8C /* GroupStore.swift in Sources */ = {isa = PBXBuildFile; fileRef = B8D8A0A8299C922500906A8C /* GroupStore.swift */; };
		B8E372992991321100EC240E /* UserData.swift in Sources */ = {isa = PBXBuildFile; fileRef = B8E372982991321100EC240E /* UserData.swift */; };
		D33A0C65299FCE320021C392 /* AddMemberView.swift in Sources */ = {isa = PBXBuildFile; fileRef = D33A0C64299FCE320021C392 /* AddMemberView.swift */; };
		D37E7A3D298790D000F7ADCD /* registerUser.swift in Sources */ = {isa = PBXBuildFile; fileRef = D37E7A3C298790D000F7ADCD /* registerUser.swift */; };
		D37E7A402987917200F7ADCD /* FirebaseAnalytics in Frameworks */ = {isa = PBXBuildFile; productRef = D37E7A3F2987917200F7ADCD /* FirebaseAnalytics */; };
		D37E7A422987917200F7ADCD /* FirebaseAnalyticsOnDeviceConversion in Frameworks */ = {isa = PBXBuildFile; productRef = D37E7A412987917200F7ADCD /* FirebaseAnalyticsOnDeviceConversion */; };
		D37E7A442987917200F7ADCD /* FirebaseAnalyticsSwift in Frameworks */ = {isa = PBXBuildFile; productRef = D37E7A432987917200F7ADCD /* FirebaseAnalyticsSwift */; };
		D37E7A462987917200F7ADCD /* FirebaseAnalyticsWithoutAdIdSupport in Frameworks */ = {isa = PBXBuildFile; productRef = D37E7A452987917200F7ADCD /* FirebaseAnalyticsWithoutAdIdSupport */; };
		D37E7A482987917200F7ADCD /* FirebaseAppCheck in Frameworks */ = {isa = PBXBuildFile; productRef = D37E7A472987917200F7ADCD /* FirebaseAppCheck */; };
		D37E7A4A2987917200F7ADCD /* FirebaseAppDistribution-Beta in Frameworks */ = {isa = PBXBuildFile; productRef = D37E7A492987917200F7ADCD /* FirebaseAppDistribution-Beta */; };
		D37E7A4C2987917200F7ADCD /* FirebaseAuth in Frameworks */ = {isa = PBXBuildFile; productRef = D37E7A4B2987917200F7ADCD /* FirebaseAuth */; };
		D37E7A4E2987917200F7ADCD /* FirebaseAuthCombine-Community in Frameworks */ = {isa = PBXBuildFile; productRef = D37E7A4D2987917200F7ADCD /* FirebaseAuthCombine-Community */; };
		D37E7A502987917200F7ADCD /* FirebaseCrashlytics in Frameworks */ = {isa = PBXBuildFile; productRef = D37E7A4F2987917200F7ADCD /* FirebaseCrashlytics */; };
		D37E7A522987917200F7ADCD /* FirebaseDatabase in Frameworks */ = {isa = PBXBuildFile; productRef = D37E7A512987917200F7ADCD /* FirebaseDatabase */; };
		D37E7A542987917200F7ADCD /* FirebaseDatabaseSwift in Frameworks */ = {isa = PBXBuildFile; productRef = D37E7A532987917200F7ADCD /* FirebaseDatabaseSwift */; };
		D37E7A562987917200F7ADCD /* FirebaseDynamicLinks in Frameworks */ = {isa = PBXBuildFile; productRef = D37E7A552987917200F7ADCD /* FirebaseDynamicLinks */; };
		D37E7A582987917200F7ADCD /* FirebaseFirestore in Frameworks */ = {isa = PBXBuildFile; productRef = D37E7A572987917200F7ADCD /* FirebaseFirestore */; };
		D37E7A5A2987917200F7ADCD /* FirebaseFirestoreCombine-Community in Frameworks */ = {isa = PBXBuildFile; productRef = D37E7A592987917200F7ADCD /* FirebaseFirestoreCombine-Community */; };
		D37E7A5C2987917200F7ADCD /* FirebaseFirestoreSwift in Frameworks */ = {isa = PBXBuildFile; productRef = D37E7A5B2987917200F7ADCD /* FirebaseFirestoreSwift */; };
		D37E7A5E2987917200F7ADCD /* FirebaseFunctions in Frameworks */ = {isa = PBXBuildFile; productRef = D37E7A5D2987917200F7ADCD /* FirebaseFunctions */; };
		D37E7A602987917200F7ADCD /* FirebaseFunctionsCombine-Community in Frameworks */ = {isa = PBXBuildFile; productRef = D37E7A5F2987917200F7ADCD /* FirebaseFunctionsCombine-Community */; };
		D37E7A622987917200F7ADCD /* FirebaseInAppMessaging-Beta in Frameworks */ = {isa = PBXBuildFile; productRef = D37E7A612987917200F7ADCD /* FirebaseInAppMessaging-Beta */; };
		D37E7A642987917200F7ADCD /* FirebaseInAppMessagingSwift-Beta in Frameworks */ = {isa = PBXBuildFile; productRef = D37E7A632987917200F7ADCD /* FirebaseInAppMessagingSwift-Beta */; };
		D37E7A662987917200F7ADCD /* FirebaseInstallations in Frameworks */ = {isa = PBXBuildFile; productRef = D37E7A652987917200F7ADCD /* FirebaseInstallations */; };
		D37E7A682987917200F7ADCD /* FirebaseMLModelDownloader in Frameworks */ = {isa = PBXBuildFile; productRef = D37E7A672987917200F7ADCD /* FirebaseMLModelDownloader */; };
		D37E7A6A2987917200F7ADCD /* FirebaseMessaging in Frameworks */ = {isa = PBXBuildFile; productRef = D37E7A692987917200F7ADCD /* FirebaseMessaging */; };
		D37E7A6C2987917200F7ADCD /* FirebasePerformance in Frameworks */ = {isa = PBXBuildFile; productRef = D37E7A6B2987917200F7ADCD /* FirebasePerformance */; };
		D37E7A6E2987917200F7ADCD /* FirebaseRemoteConfig in Frameworks */ = {isa = PBXBuildFile; productRef = D37E7A6D2987917200F7ADCD /* FirebaseRemoteConfig */; };
		D37E7A702987917200F7ADCD /* FirebaseRemoteConfigSwift in Frameworks */ = {isa = PBXBuildFile; productRef = D37E7A6F2987917200F7ADCD /* FirebaseRemoteConfigSwift */; };
		D37E7A722987917200F7ADCD /* FirebaseStorage in Frameworks */ = {isa = PBXBuildFile; productRef = D37E7A712987917200F7ADCD /* FirebaseStorage */; };
		D37E7A742987917200F7ADCD /* FirebaseStorageCombine-Community in Frameworks */ = {isa = PBXBuildFile; productRef = D37E7A732987917200F7ADCD /* FirebaseStorageCombine-Community */; };
		D37E7A76298874B300F7ADCD /* GoogleService-Info.plist in Resources */ = {isa = PBXBuildFile; fileRef = D37E7A75298874B300F7ADCD /* GoogleService-Info.plist */; };
		D394C9832991D7DC00DBE04B /* GroupViewS.swift in Sources */ = {isa = PBXBuildFile; fileRef = D394C9822991D7DC00DBE04B /* GroupViewS.swift */; };
		D394C9852991D7ED00DBE04B /* HelpView.swift in Sources */ = {isa = PBXBuildFile; fileRef = D394C9842991D7ED00DBE04B /* HelpView.swift */; };
		EDDAC73F298E25260009A250 /* profileView.swift in Sources */ = {isa = PBXBuildFile; fileRef = EDDAC73E298E25260009A250 /* profileView.swift */; };
		EDDAC746298E9E790009A250 /* Drawer in Frameworks */ = {isa = PBXBuildFile; productRef = EDDAC745298E9E790009A250 /* Drawer */; };
		EDDAC74829905F140009A250 /* userDetails.swift in Sources */ = {isa = PBXBuildFile; fileRef = EDDAC74729905F140009A250 /* userDetails.swift */; };
/* End PBXBuildFile section */

/* Begin PBXFileReference section */
		A40F6A112975E69B00F82F50 /* Pop-A-Task.app */ = {isa = PBXFileReference; explicitFileType = wrapper.application; includeInIndex = 0; path = "Pop-A-Task.app"; sourceTree = BUILT_PRODUCTS_DIR; };
		A40F6A142975E69B00F82F50 /* Pop_A_TaskApp.swift */ = {isa = PBXFileReference; lastKnownFileType = sourcecode.swift; path = Pop_A_TaskApp.swift; sourceTree = "<group>"; };
		A40F6A162975E69B00F82F50 /* ContentView.swift */ = {isa = PBXFileReference; lastKnownFileType = sourcecode.swift; path = ContentView.swift; sourceTree = "<group>"; };
		A40F6A182975E69D00F82F50 /* Assets.xcassets */ = {isa = PBXFileReference; lastKnownFileType = folder.assetcatalog; path = Assets.xcassets; sourceTree = "<group>"; };
		A40F6A1B2975E69D00F82F50 /* Preview Assets.xcassets */ = {isa = PBXFileReference; lastKnownFileType = folder.assetcatalog; path = "Preview Assets.xcassets"; sourceTree = "<group>"; };
		A47859BD299F4E5000B9D07A /* GroupModelView.swift */ = {isa = PBXFileReference; lastKnownFileType = sourcecode.swift; path = GroupModelView.swift; sourceTree = "<group>"; };
		A4E4756B298E64C100763BEE /* HomePage.swift */ = {isa = PBXFileReference; lastKnownFileType = sourcecode.swift; path = HomePage.swift; sourceTree = "<group>"; };
		A4EAFEEB2991B04100F8E84E /* taskView.swift */ = {isa = PBXFileReference; lastKnownFileType = sourcecode.swift; path = taskView.swift; sourceTree = "<group>"; };
		B8D1690E2991F5E800CE612E /* AddgroupView.swift */ = {isa = PBXFileReference; lastKnownFileType = sourcecode.swift; path = AddgroupView.swift; sourceTree = "<group>"; };
		B8D8A09F299C917F00906A8C /* GroupViewModel.swift */ = {isa = PBXFileReference; lastKnownFileType = sourcecode.swift; path = GroupViewModel.swift; sourceTree = "<group>"; };
		B8D8A0A2299C91E900906A8C /* GroupRow.swift */ = {isa = PBXFileReference; lastKnownFileType = sourcecode.swift; path = GroupRow.swift; sourceTree = "<group>"; };
		B8D8A0A4299C920500906A8C /* GroupDetail.swift */ = {isa = PBXFileReference; lastKnownFileType = sourcecode.swift; path = GroupDetail.swift; sourceTree = "<group>"; };
		B8D8A0A6299C921800906A8C /* Groups.swift */ = {isa = PBXFileReference; lastKnownFileType = sourcecode.swift; path = Groups.swift; sourceTree = "<group>"; };
		B8D8A0A8299C922500906A8C /* GroupStore.swift */ = {isa = PBXFileReference; lastKnownFileType = sourcecode.swift; path = GroupStore.swift; sourceTree = "<group>"; };
		B8E372982991321100EC240E /* UserData.swift */ = {isa = PBXFileReference; lastKnownFileType = sourcecode.swift; path = UserData.swift; sourceTree = "<group>"; };
		D33A0C64299FCE320021C392 /* AddMemberView.swift */ = {isa = PBXFileReference; lastKnownFileType = sourcecode.swift; path = AddMemberView.swift; sourceTree = "<group>"; };
		D37E7A3C298790D000F7ADCD /* registerUser.swift */ = {isa = PBXFileReference; lastKnownFileType = sourcecode.swift; path = registerUser.swift; sourceTree = "<group>"; };
		D37E7A75298874B300F7ADCD /* GoogleService-Info.plist */ = {isa = PBXFileReference; fileEncoding = 4; lastKnownFileType = text.plist.xml; path = "GoogleService-Info.plist"; sourceTree = "<group>"; };
		D394C9822991D7DC00DBE04B /* GroupViewS.swift */ = {isa = PBXFileReference; lastKnownFileType = sourcecode.swift; path = GroupViewS.swift; sourceTree = "<group>"; };
		D394C9842991D7ED00DBE04B /* HelpView.swift */ = {isa = PBXFileReference; lastKnownFileType = sourcecode.swift; path = HelpView.swift; sourceTree = "<group>"; };
		EDDAC73E298E25260009A250 /* profileView.swift */ = {isa = PBXFileReference; lastKnownFileType = sourcecode.swift; path = profileView.swift; sourceTree = "<group>"; };
		EDDAC74729905F140009A250 /* userDetails.swift */ = {isa = PBXFileReference; lastKnownFileType = sourcecode.swift; path = userDetails.swift; sourceTree = "<group>"; };
/* End PBXFileReference section */

/* Begin PBXFrameworksBuildPhase section */
		A40F6A0E2975E69B00F82F50 /* Frameworks */ = {
			isa = PBXFrameworksBuildPhase;
			buildActionMask = 2147483647;
			files = (
				D37E7A522987917200F7ADCD /* FirebaseDatabase in Frameworks */,
				D37E7A602987917200F7ADCD /* FirebaseFunctionsCombine-Community in Frameworks */,
				D37E7A582987917200F7ADCD /* FirebaseFirestore in Frameworks */,
				D37E7A442987917200F7ADCD /* FirebaseAnalyticsSwift in Frameworks */,
				D37E7A402987917200F7ADCD /* FirebaseAnalytics in Frameworks */,
				D37E7A422987917200F7ADCD /* FirebaseAnalyticsOnDeviceConversion in Frameworks */,
				D37E7A682987917200F7ADCD /* FirebaseMLModelDownloader in Frameworks */,
				D37E7A5C2987917200F7ADCD /* FirebaseFirestoreSwift in Frameworks */,
				D37E7A482987917200F7ADCD /* FirebaseAppCheck in Frameworks */,
				D37E7A462987917200F7ADCD /* FirebaseAnalyticsWithoutAdIdSupport in Frameworks */,
				D37E7A4C2987917200F7ADCD /* FirebaseAuth in Frameworks */,
				D37E7A502987917200F7ADCD /* FirebaseCrashlytics in Frameworks */,
				D37E7A702987917200F7ADCD /* FirebaseRemoteConfigSwift in Frameworks */,
				D37E7A622987917200F7ADCD /* FirebaseInAppMessaging-Beta in Frameworks */,
				D37E7A542987917200F7ADCD /* FirebaseDatabaseSwift in Frameworks */,
				D37E7A5E2987917200F7ADCD /* FirebaseFunctions in Frameworks */,
				D37E7A742987917200F7ADCD /* FirebaseStorageCombine-Community in Frameworks */,
				D37E7A6E2987917200F7ADCD /* FirebaseRemoteConfig in Frameworks */,
				D37E7A4A2987917200F7ADCD /* FirebaseAppDistribution-Beta in Frameworks */,
				D37E7A4E2987917200F7ADCD /* FirebaseAuthCombine-Community in Frameworks */,
				D37E7A6C2987917200F7ADCD /* FirebasePerformance in Frameworks */,
				D37E7A642987917200F7ADCD /* FirebaseInAppMessagingSwift-Beta in Frameworks */,
				D37E7A722987917200F7ADCD /* FirebaseStorage in Frameworks */,
				D37E7A562987917200F7ADCD /* FirebaseDynamicLinks in Frameworks */,
				D37E7A5A2987917200F7ADCD /* FirebaseFirestoreCombine-Community in Frameworks */,
				D37E7A6A2987917200F7ADCD /* FirebaseMessaging in Frameworks */,
				D37E7A662987917200F7ADCD /* FirebaseInstallations in Frameworks */,
				EDDAC746298E9E790009A250 /* Drawer in Frameworks */,
			);
			runOnlyForDeploymentPostprocessing = 0;
		};
/* End PBXFrameworksBuildPhase section */

/* Begin PBXGroup section */
		A40F6A082975E69B00F82F50 = {
			isa = PBXGroup;
			children = (
				A40F6A132975E69B00F82F50 /* Pop-A-Task */,
				A40F6A122975E69B00F82F50 /* Products */,
			);
			sourceTree = "<group>";
		};
		A40F6A122975E69B00F82F50 /* Products */ = {
			isa = PBXGroup;
			children = (
				A40F6A112975E69B00F82F50 /* Pop-A-Task.app */,
			);
			name = Products;
			sourceTree = "<group>";
		};
		A40F6A132975E69B00F82F50 /* Pop-A-Task */ = {
			isa = PBXGroup;
			children = (
				A40F6A142975E69B00F82F50 /* Pop_A_TaskApp.swift */,
				A4EAFEEB2991B04100F8E84E /* taskView.swift */,
				D394C9842991D7ED00DBE04B /* HelpView.swift */,
				A47859BD299F4E5000B9D07A /* GroupModelView.swift */,
				D34595C4299C8F5000771E57 /* Groups */,
				B8E372982991321100EC240E /* UserData.swift */,
				EDDAC73E298E25260009A250 /* profileView.swift */,
				D37E7A3C298790D000F7ADCD /* registerUser.swift */,
				A40F6A162975E69B00F82F50 /* ContentView.swift */,
				B8D1690E2991F5E800CE612E /* AddgroupView.swift */,
				EDDAC74729905F140009A250 /* userDetails.swift */,
				A4E4756B298E64C100763BEE /* HomePage.swift */,
				A40F6A182975E69D00F82F50 /* Assets.xcassets */,
				D37E7A75298874B300F7ADCD /* GoogleService-Info.plist */,
				A40F6A1A2975E69D00F82F50 /* Preview Content */,
			);
			path = "Pop-A-Task";
			sourceTree = "<group>";
		};
		A40F6A1A2975E69D00F82F50 /* Preview Content */ = {
			isa = PBXGroup;
			children = (
				A40F6A1B2975E69D00F82F50 /* Preview Assets.xcassets */,
			);
			path = "Preview Content";
			sourceTree = "<group>";
		};
		B8D8A0A1299C91C000906A8C /* Model */ = {
			isa = PBXGroup;
			children = (
				B8D8A0A6299C921800906A8C /* Groups.swift */,
				B8D8A0A8299C922500906A8C /* GroupStore.swift */,
			);
			path = Model;
			sourceTree = "<group>";
		};
		D34595C4299C8F5000771E57 /* Groups */ = {
			isa = PBXGroup;
			children = (
				D394C9822991D7DC00DBE04B /* GroupViewS.swift */,
				B8D8A09F299C917F00906A8C /* GroupViewModel.swift */,
				B8D8A0A2299C91E900906A8C /* GroupRow.swift */,
				B8D8A0A4299C920500906A8C /* GroupDetail.swift */,
				D33A0C64299FCE320021C392 /* AddMemberView.swift */,
				B8D8A0A1299C91C000906A8C /* Model */,
			);
			path = Groups;
			sourceTree = "<group>";
		};
/* End PBXGroup section */

/* Begin PBXNativeTarget section */
		A40F6A102975E69B00F82F50 /* Pop-A-Task */ = {
			isa = PBXNativeTarget;
			buildConfigurationList = A40F6A1F2975E69D00F82F50 /* Build configuration list for PBXNativeTarget "Pop-A-Task" */;
			buildPhases = (
				A40F6A0D2975E69B00F82F50 /* Sources */,
				A40F6A0E2975E69B00F82F50 /* Frameworks */,
				A40F6A0F2975E69B00F82F50 /* Resources */,
			);
			buildRules = (
			);
			dependencies = (
			);
			name = "Pop-A-Task";
			packageProductDependencies = (
				D37E7A3F2987917200F7ADCD /* FirebaseAnalytics */,
				D37E7A412987917200F7ADCD /* FirebaseAnalyticsOnDeviceConversion */,
				D37E7A432987917200F7ADCD /* FirebaseAnalyticsSwift */,
				D37E7A452987917200F7ADCD /* FirebaseAnalyticsWithoutAdIdSupport */,
				D37E7A472987917200F7ADCD /* FirebaseAppCheck */,
				D37E7A492987917200F7ADCD /* FirebaseAppDistribution-Beta */,
				D37E7A4B2987917200F7ADCD /* FirebaseAuth */,
				D37E7A4D2987917200F7ADCD /* FirebaseAuthCombine-Community */,
				D37E7A4F2987917200F7ADCD /* FirebaseCrashlytics */,
				D37E7A512987917200F7ADCD /* FirebaseDatabase */,
				D37E7A532987917200F7ADCD /* FirebaseDatabaseSwift */,
				D37E7A552987917200F7ADCD /* FirebaseDynamicLinks */,
				D37E7A572987917200F7ADCD /* FirebaseFirestore */,
				D37E7A592987917200F7ADCD /* FirebaseFirestoreCombine-Community */,
				D37E7A5B2987917200F7ADCD /* FirebaseFirestoreSwift */,
				D37E7A5D2987917200F7ADCD /* FirebaseFunctions */,
				D37E7A5F2987917200F7ADCD /* FirebaseFunctionsCombine-Community */,
				D37E7A612987917200F7ADCD /* FirebaseInAppMessaging-Beta */,
				D37E7A632987917200F7ADCD /* FirebaseInAppMessagingSwift-Beta */,
				D37E7A652987917200F7ADCD /* FirebaseInstallations */,
				D37E7A672987917200F7ADCD /* FirebaseMLModelDownloader */,
				D37E7A692987917200F7ADCD /* FirebaseMessaging */,
				D37E7A6B2987917200F7ADCD /* FirebasePerformance */,
				D37E7A6D2987917200F7ADCD /* FirebaseRemoteConfig */,
				D37E7A6F2987917200F7ADCD /* FirebaseRemoteConfigSwift */,
				D37E7A712987917200F7ADCD /* FirebaseStorage */,
				D37E7A732987917200F7ADCD /* FirebaseStorageCombine-Community */,
				EDDAC745298E9E790009A250 /* Drawer */,
			);
			productName = "Pop-A-Task";
			productReference = A40F6A112975E69B00F82F50 /* Pop-A-Task.app */;
			productType = "com.apple.product-type.application";
		};
/* End PBXNativeTarget section */

/* Begin PBXProject section */
		A40F6A092975E69B00F82F50 /* Project object */ = {
			isa = PBXProject;
			attributes = {
				BuildIndependentTargetsInParallel = 1;
				LastSwiftUpdateCheck = 1420;
				LastUpgradeCheck = 1420;
				TargetAttributes = {
					A40F6A102975E69B00F82F50 = {
						CreatedOnToolsVersion = 14.2;
					};
				};
			};
			buildConfigurationList = A40F6A0C2975E69B00F82F50 /* Build configuration list for PBXProject "Pop-A-Task" */;
			compatibilityVersion = "Xcode 14.0";
			developmentRegion = en;
			hasScannedForEncodings = 0;
			knownRegions = (
				en,
				Base,
			);
			mainGroup = A40F6A082975E69B00F82F50;
			packageReferences = (
				D37E7A3E2987917100F7ADCD /* XCRemoteSwiftPackageReference "firebase-ios-sdk" */,
				EDDAC744298E9E790009A250 /* XCRemoteSwiftPackageReference "swiftui-drawer" */,
			);
			productRefGroup = A40F6A122975E69B00F82F50 /* Products */;
			projectDirPath = "";
			projectRoot = "";
			targets = (
				A40F6A102975E69B00F82F50 /* Pop-A-Task */,
			);
		};
/* End PBXProject section */

/* Begin PBXResourcesBuildPhase section */
		A40F6A0F2975E69B00F82F50 /* Resources */ = {
			isa = PBXResourcesBuildPhase;
			buildActionMask = 2147483647;
			files = (
				A40F6A1C2975E69D00F82F50 /* Preview Assets.xcassets in Resources */,
				D37E7A76298874B300F7ADCD /* GoogleService-Info.plist in Resources */,
				A40F6A192975E69D00F82F50 /* Assets.xcassets in Resources */,
			);
			runOnlyForDeploymentPostprocessing = 0;
		};
/* End PBXResourcesBuildPhase section */

/* Begin PBXSourcesBuildPhase section */
		A40F6A0D2975E69B00F82F50 /* Sources */ = {
			isa = PBXSourcesBuildPhase;
			buildActionMask = 2147483647;
			files = (
				A4E4756C298E64C100763BEE /* HomePage.swift in Sources */,
				EDDAC73F298E25260009A250 /* profileView.swift in Sources */,
				B8D8A0A5299C920500906A8C /* GroupDetail.swift in Sources */,
				B8D8A0A7299C921800906A8C /* Groups.swift in Sources */,
				D394C9832991D7DC00DBE04B /* GroupViewS.swift in Sources */,
				B8D8A0A9299C922500906A8C /* GroupStore.swift in Sources */,
				D33A0C65299FCE320021C392 /* AddMemberView.swift in Sources */,
				D394C9852991D7ED00DBE04B /* HelpView.swift in Sources */,
				B8E372992991321100EC240E /* UserData.swift in Sources */,
				A40F6A172975E69B00F82F50 /* ContentView.swift in Sources */,
				B8D1690F2991F5E800CE612E /* AddgroupView.swift in Sources */,
				D37E7A3D298790D000F7ADCD /* registerUser.swift in Sources */,
				B8D8A0A0299C917F00906A8C /* GroupViewModel.swift in Sources */,
				A40F6A152975E69B00F82F50 /* Pop_A_TaskApp.swift in Sources */,
				EDDAC74829905F140009A250 /* userDetails.swift in Sources */,
				A4EAFEEC2991B04100F8E84E /* taskView.swift in Sources */,
				A47859BE299F4E5000B9D07A /* GroupModelView.swift in Sources */,
				B8D8A0A3299C91E900906A8C /* GroupRow.swift in Sources */,
			);
			runOnlyForDeploymentPostprocessing = 0;
		};
/* End PBXSourcesBuildPhase section */

/* Begin XCBuildConfiguration section */
		A40F6A1D2975E69D00F82F50 /* Debug */ = {
			isa = XCBuildConfiguration;
			buildSettings = {
				ALWAYS_SEARCH_USER_PATHS = NO;
				CLANG_ANALYZER_NONNULL = YES;
				CLANG_ANALYZER_NUMBER_OBJECT_CONVERSION = YES_AGGRESSIVE;
				CLANG_CXX_LANGUAGE_STANDARD = "gnu++20";
				CLANG_ENABLE_MODULES = YES;
				CLANG_ENABLE_OBJC_ARC = YES;
				CLANG_ENABLE_OBJC_WEAK = YES;
				CLANG_WARN_BLOCK_CAPTURE_AUTORELEASING = YES;
				CLANG_WARN_BOOL_CONVERSION = YES;
				CLANG_WARN_COMMA = YES;
				CLANG_WARN_CONSTANT_CONVERSION = YES;
				CLANG_WARN_DEPRECATED_OBJC_IMPLEMENTATIONS = YES;
				CLANG_WARN_DIRECT_OBJC_ISA_USAGE = YES_ERROR;
				CLANG_WARN_DOCUMENTATION_COMMENTS = YES;
				CLANG_WARN_EMPTY_BODY = YES;
				CLANG_WARN_ENUM_CONVERSION = YES;
				CLANG_WARN_INFINITE_RECURSION = YES;
				CLANG_WARN_INT_CONVERSION = YES;
				CLANG_WARN_NON_LITERAL_NULL_CONVERSION = YES;
				CLANG_WARN_OBJC_IMPLICIT_RETAIN_SELF = YES;
				CLANG_WARN_OBJC_LITERAL_CONVERSION = YES;
				CLANG_WARN_OBJC_ROOT_CLASS = YES_ERROR;
				CLANG_WARN_QUOTED_INCLUDE_IN_FRAMEWORK_HEADER = YES;
				CLANG_WARN_RANGE_LOOP_ANALYSIS = YES;
				CLANG_WARN_STRICT_PROTOTYPES = YES;
				CLANG_WARN_SUSPICIOUS_MOVE = YES;
				CLANG_WARN_UNGUARDED_AVAILABILITY = YES_AGGRESSIVE;
				CLANG_WARN_UNREACHABLE_CODE = YES;
				CLANG_WARN__DUPLICATE_METHOD_MATCH = YES;
				COPY_PHASE_STRIP = NO;
				DEBUG_INFORMATION_FORMAT = dwarf;
				ENABLE_STRICT_OBJC_MSGSEND = YES;
				ENABLE_TESTABILITY = YES;
				GCC_C_LANGUAGE_STANDARD = gnu11;
				GCC_DYNAMIC_NO_PIC = NO;
				GCC_NO_COMMON_BLOCKS = YES;
				GCC_OPTIMIZATION_LEVEL = 0;
				GCC_PREPROCESSOR_DEFINITIONS = (
					"DEBUG=1",
					"$(inherited)",
				);
				GCC_WARN_64_TO_32_BIT_CONVERSION = YES;
				GCC_WARN_ABOUT_RETURN_TYPE = YES_ERROR;
				GCC_WARN_UNDECLARED_SELECTOR = YES;
				GCC_WARN_UNINITIALIZED_AUTOS = YES_AGGRESSIVE;
				GCC_WARN_UNUSED_FUNCTION = YES;
				GCC_WARN_UNUSED_VARIABLE = YES;
				IPHONEOS_DEPLOYMENT_TARGET = 16.2;
				MTL_ENABLE_DEBUG_INFO = INCLUDE_SOURCE;
				MTL_FAST_MATH = YES;
				ONLY_ACTIVE_ARCH = YES;
				SDKROOT = iphoneos;
				SWIFT_ACTIVE_COMPILATION_CONDITIONS = DEBUG;
				SWIFT_OPTIMIZATION_LEVEL = "-Onone";
			};
			name = Debug;
		};
		A40F6A1E2975E69D00F82F50 /* Release */ = {
			isa = XCBuildConfiguration;
			buildSettings = {
				ALWAYS_SEARCH_USER_PATHS = NO;
				CLANG_ANALYZER_NONNULL = YES;
				CLANG_ANALYZER_NUMBER_OBJECT_CONVERSION = YES_AGGRESSIVE;
				CLANG_CXX_LANGUAGE_STANDARD = "gnu++20";
				CLANG_ENABLE_MODULES = YES;
				CLANG_ENABLE_OBJC_ARC = YES;
				CLANG_ENABLE_OBJC_WEAK = YES;
				CLANG_WARN_BLOCK_CAPTURE_AUTORELEASING = YES;
				CLANG_WARN_BOOL_CONVERSION = YES;
				CLANG_WARN_COMMA = YES;
				CLANG_WARN_CONSTANT_CONVERSION = YES;
				CLANG_WARN_DEPRECATED_OBJC_IMPLEMENTATIONS = YES;
				CLANG_WARN_DIRECT_OBJC_ISA_USAGE = YES_ERROR;
				CLANG_WARN_DOCUMENTATION_COMMENTS = YES;
				CLANG_WARN_EMPTY_BODY = YES;
				CLANG_WARN_ENUM_CONVERSION = YES;
				CLANG_WARN_INFINITE_RECURSION = YES;
				CLANG_WARN_INT_CONVERSION = YES;
				CLANG_WARN_NON_LITERAL_NULL_CONVERSION = YES;
				CLANG_WARN_OBJC_IMPLICIT_RETAIN_SELF = YES;
				CLANG_WARN_OBJC_LITERAL_CONVERSION = YES;
				CLANG_WARN_OBJC_ROOT_CLASS = YES_ERROR;
				CLANG_WARN_QUOTED_INCLUDE_IN_FRAMEWORK_HEADER = YES;
				CLANG_WARN_RANGE_LOOP_ANALYSIS = YES;
				CLANG_WARN_STRICT_PROTOTYPES = YES;
				CLANG_WARN_SUSPICIOUS_MOVE = YES;
				CLANG_WARN_UNGUARDED_AVAILABILITY = YES_AGGRESSIVE;
				CLANG_WARN_UNREACHABLE_CODE = YES;
				CLANG_WARN__DUPLICATE_METHOD_MATCH = YES;
				COPY_PHASE_STRIP = NO;
				DEBUG_INFORMATION_FORMAT = "dwarf-with-dsym";
				ENABLE_NS_ASSERTIONS = NO;
				ENABLE_STRICT_OBJC_MSGSEND = YES;
				GCC_C_LANGUAGE_STANDARD = gnu11;
				GCC_NO_COMMON_BLOCKS = YES;
				GCC_WARN_64_TO_32_BIT_CONVERSION = YES;
				GCC_WARN_ABOUT_RETURN_TYPE = YES_ERROR;
				GCC_WARN_UNDECLARED_SELECTOR = YES;
				GCC_WARN_UNINITIALIZED_AUTOS = YES_AGGRESSIVE;
				GCC_WARN_UNUSED_FUNCTION = YES;
				GCC_WARN_UNUSED_VARIABLE = YES;
				IPHONEOS_DEPLOYMENT_TARGET = 16.2;
				MTL_ENABLE_DEBUG_INFO = NO;
				MTL_FAST_MATH = YES;
				SDKROOT = iphoneos;
				SWIFT_COMPILATION_MODE = wholemodule;
				SWIFT_OPTIMIZATION_LEVEL = "-O";
				VALIDATE_PRODUCT = YES;
			};
			name = Release;
		};
		A40F6A202975E69D00F82F50 /* Debug */ = {
			isa = XCBuildConfiguration;
			buildSettings = {
				ASSETCATALOG_COMPILER_APPICON_NAME = AppIcon;
				ASSETCATALOG_COMPILER_GLOBAL_ACCENT_COLOR_NAME = AccentColor;
				CODE_SIGN_STYLE = Automatic;
				CURRENT_PROJECT_VERSION = 1;
				DEVELOPMENT_ASSET_PATHS = "\"Pop-A-Task/Preview Content\"";
				DEVELOPMENT_TEAM = "";
				ENABLE_PREVIEWS = YES;
				GENERATE_INFOPLIST_FILE = YES;
				INFOPLIST_KEY_UIApplicationSceneManifest_Generation = YES;
				INFOPLIST_KEY_UIApplicationSupportsIndirectInputEvents = YES;
				INFOPLIST_KEY_UILaunchScreen_Generation = YES;
				INFOPLIST_KEY_UISupportedInterfaceOrientations_iPad = "UIInterfaceOrientationPortrait UIInterfaceOrientationPortraitUpsideDown UIInterfaceOrientationLandscapeLeft UIInterfaceOrientationLandscapeRight";
				INFOPLIST_KEY_UISupportedInterfaceOrientations_iPhone = "UIInterfaceOrientationPortrait UIInterfaceOrientationLandscapeLeft UIInterfaceOrientationLandscapeRight";
				LD_RUNPATH_SEARCH_PATHS = (
					"$(inherited)",
					"@executable_path/Frameworks",
				);
				MARKETING_VERSION = 1.0;
				PRODUCT_BUNDLE_IDENTIFIER = "com.example.nishchal.Pop-A-Task";
				PRODUCT_NAME = "$(TARGET_NAME)";
				SWIFT_EMIT_LOC_STRINGS = YES;
				SWIFT_VERSION = 5.0;
				TARGETED_DEVICE_FAMILY = "1,2";
			};
			name = Debug;
		};
		A40F6A212975E69D00F82F50 /* Release */ = {
			isa = XCBuildConfiguration;
			buildSettings = {
				ASSETCATALOG_COMPILER_APPICON_NAME = AppIcon;
				ASSETCATALOG_COMPILER_GLOBAL_ACCENT_COLOR_NAME = AccentColor;
				CODE_SIGN_STYLE = Automatic;
				CURRENT_PROJECT_VERSION = 1;
				DEVELOPMENT_ASSET_PATHS = "\"Pop-A-Task/Preview Content\"";
				DEVELOPMENT_TEAM = VK62U9G5W9;
				ENABLE_PREVIEWS = YES;
				GENERATE_INFOPLIST_FILE = YES;
				INFOPLIST_KEY_UIApplicationSceneManifest_Generation = YES;
				INFOPLIST_KEY_UIApplicationSupportsIndirectInputEvents = YES;
				INFOPLIST_KEY_UILaunchScreen_Generation = YES;
				INFOPLIST_KEY_UISupportedInterfaceOrientations_iPad = "UIInterfaceOrientationPortrait UIInterfaceOrientationPortraitUpsideDown UIInterfaceOrientationLandscapeLeft UIInterfaceOrientationLandscapeRight";
				INFOPLIST_KEY_UISupportedInterfaceOrientations_iPhone = "UIInterfaceOrientationPortrait UIInterfaceOrientationLandscapeLeft UIInterfaceOrientationLandscapeRight";
				LD_RUNPATH_SEARCH_PATHS = (
					"$(inherited)",
					"@executable_path/Frameworks",
				);
				MARKETING_VERSION = 1.0;
				PRODUCT_BUNDLE_IDENTIFIER = "com.example.nishchal.Pop-A-Task";
				PRODUCT_NAME = "$(TARGET_NAME)";
				SWIFT_EMIT_LOC_STRINGS = YES;
				SWIFT_VERSION = 5.0;
				TARGETED_DEVICE_FAMILY = "1,2";
			};
			name = Release;
		};
/* End XCBuildConfiguration section */

/* Begin XCConfigurationList section */
		A40F6A0C2975E69B00F82F50 /* Build configuration list for PBXProject "Pop-A-Task" */ = {
			isa = XCConfigurationList;
			buildConfigurations = (
				A40F6A1D2975E69D00F82F50 /* Debug */,
				A40F6A1E2975E69D00F82F50 /* Release */,
			);
			defaultConfigurationIsVisible = 0;
			defaultConfigurationName = Release;
		};
		A40F6A1F2975E69D00F82F50 /* Build configuration list for PBXNativeTarget "Pop-A-Task" */ = {
			isa = XCConfigurationList;
			buildConfigurations = (
				A40F6A202975E69D00F82F50 /* Debug */,
				A40F6A212975E69D00F82F50 /* Release */,
			);
			defaultConfigurationIsVisible = 0;
			defaultConfigurationName = Release;
		};
/* End XCConfigurationList section */

/* Begin XCRemoteSwiftPackageReference section */
		D37E7A3E2987917100F7ADCD /* XCRemoteSwiftPackageReference "firebase-ios-sdk" */ = {
			isa = XCRemoteSwiftPackageReference;
			repositoryURL = "https://github.com/firebase/firebase-ios-sdk";
			requirement = {
				branch = master;
				kind = branch;
			};
		};
		EDDAC744298E9E790009A250 /* XCRemoteSwiftPackageReference "swiftui-drawer" */ = {
			isa = XCRemoteSwiftPackageReference;
			repositoryURL = "https://github.com/maustinstar/swiftui-drawer";
			requirement = {
				branch = master;
				kind = branch;
			};
		};
/* End XCRemoteSwiftPackageReference section */

/* Begin XCSwiftPackageProductDependency section */
		D37E7A3F2987917200F7ADCD /* FirebaseAnalytics */ = {
			isa = XCSwiftPackageProductDependency;
			package = D37E7A3E2987917100F7ADCD /* XCRemoteSwiftPackageReference "firebase-ios-sdk" */;
			productName = FirebaseAnalytics;
		};
		D37E7A412987917200F7ADCD /* FirebaseAnalyticsOnDeviceConversion */ = {
			isa = XCSwiftPackageProductDependency;
			package = D37E7A3E2987917100F7ADCD /* XCRemoteSwiftPackageReference "firebase-ios-sdk" */;
			productName = FirebaseAnalyticsOnDeviceConversion;
		};
		D37E7A432987917200F7ADCD /* FirebaseAnalyticsSwift */ = {
			isa = XCSwiftPackageProductDependency;
			package = D37E7A3E2987917100F7ADCD /* XCRemoteSwiftPackageReference "firebase-ios-sdk" */;
			productName = FirebaseAnalyticsSwift;
		};
		D37E7A452987917200F7ADCD /* FirebaseAnalyticsWithoutAdIdSupport */ = {
			isa = XCSwiftPackageProductDependency;
			package = D37E7A3E2987917100F7ADCD /* XCRemoteSwiftPackageReference "firebase-ios-sdk" */;
			productName = FirebaseAnalyticsWithoutAdIdSupport;
		};
		D37E7A472987917200F7ADCD /* FirebaseAppCheck */ = {
			isa = XCSwiftPackageProductDependency;
			package = D37E7A3E2987917100F7ADCD /* XCRemoteSwiftPackageReference "firebase-ios-sdk" */;
			productName = FirebaseAppCheck;
		};
		D37E7A492987917200F7ADCD /* FirebaseAppDistribution-Beta */ = {
			isa = XCSwiftPackageProductDependency;
			package = D37E7A3E2987917100F7ADCD /* XCRemoteSwiftPackageReference "firebase-ios-sdk" */;
			productName = "FirebaseAppDistribution-Beta";
		};
		D37E7A4B2987917200F7ADCD /* FirebaseAuth */ = {
			isa = XCSwiftPackageProductDependency;
			package = D37E7A3E2987917100F7ADCD /* XCRemoteSwiftPackageReference "firebase-ios-sdk" */;
			productName = FirebaseAuth;
		};
		D37E7A4D2987917200F7ADCD /* FirebaseAuthCombine-Community */ = {
			isa = XCSwiftPackageProductDependency;
			package = D37E7A3E2987917100F7ADCD /* XCRemoteSwiftPackageReference "firebase-ios-sdk" */;
			productName = "FirebaseAuthCombine-Community";
		};
		D37E7A4F2987917200F7ADCD /* FirebaseCrashlytics */ = {
			isa = XCSwiftPackageProductDependency;
			package = D37E7A3E2987917100F7ADCD /* XCRemoteSwiftPackageReference "firebase-ios-sdk" */;
			productName = FirebaseCrashlytics;
		};
		D37E7A512987917200F7ADCD /* FirebaseDatabase */ = {
			isa = XCSwiftPackageProductDependency;
			package = D37E7A3E2987917100F7ADCD /* XCRemoteSwiftPackageReference "firebase-ios-sdk" */;
			productName = FirebaseDatabase;
		};
		D37E7A532987917200F7ADCD /* FirebaseDatabaseSwift */ = {
			isa = XCSwiftPackageProductDependency;
			package = D37E7A3E2987917100F7ADCD /* XCRemoteSwiftPackageReference "firebase-ios-sdk" */;
			productName = FirebaseDatabaseSwift;
		};
		D37E7A552987917200F7ADCD /* FirebaseDynamicLinks */ = {
			isa = XCSwiftPackageProductDependency;
			package = D37E7A3E2987917100F7ADCD /* XCRemoteSwiftPackageReference "firebase-ios-sdk" */;
			productName = FirebaseDynamicLinks;
		};
		D37E7A572987917200F7ADCD /* FirebaseFirestore */ = {
			isa = XCSwiftPackageProductDependency;
			package = D37E7A3E2987917100F7ADCD /* XCRemoteSwiftPackageReference "firebase-ios-sdk" */;
			productName = FirebaseFirestore;
		};
		D37E7A592987917200F7ADCD /* FirebaseFirestoreCombine-Community */ = {
			isa = XCSwiftPackageProductDependency;
			package = D37E7A3E2987917100F7ADCD /* XCRemoteSwiftPackageReference "firebase-ios-sdk" */;
			productName = "FirebaseFirestoreCombine-Community";
		};
		D37E7A5B2987917200F7ADCD /* FirebaseFirestoreSwift */ = {
			isa = XCSwiftPackageProductDependency;
			package = D37E7A3E2987917100F7ADCD /* XCRemoteSwiftPackageReference "firebase-ios-sdk" */;
			productName = FirebaseFirestoreSwift;
		};
		D37E7A5D2987917200F7ADCD /* FirebaseFunctions */ = {
			isa = XCSwiftPackageProductDependency;
			package = D37E7A3E2987917100F7ADCD /* XCRemoteSwiftPackageReference "firebase-ios-sdk" */;
			productName = FirebaseFunctions;
		};
		D37E7A5F2987917200F7ADCD /* FirebaseFunctionsCombine-Community */ = {
			isa = XCSwiftPackageProductDependency;
			package = D37E7A3E2987917100F7ADCD /* XCRemoteSwiftPackageReference "firebase-ios-sdk" */;
			productName = "FirebaseFunctionsCombine-Community";
		};
		D37E7A612987917200F7ADCD /* FirebaseInAppMessaging-Beta */ = {
			isa = XCSwiftPackageProductDependency;
			package = D37E7A3E2987917100F7ADCD /* XCRemoteSwiftPackageReference "firebase-ios-sdk" */;
			productName = "FirebaseInAppMessaging-Beta";
		};
		D37E7A632987917200F7ADCD /* FirebaseInAppMessagingSwift-Beta */ = {
			isa = XCSwiftPackageProductDependency;
			package = D37E7A3E2987917100F7ADCD /* XCRemoteSwiftPackageReference "firebase-ios-sdk" */;
			productName = "FirebaseInAppMessagingSwift-Beta";
		};
		D37E7A652987917200F7ADCD /* FirebaseInstallations */ = {
			isa = XCSwiftPackageProductDependency;
			package = D37E7A3E2987917100F7ADCD /* XCRemoteSwiftPackageReference "firebase-ios-sdk" */;
			productName = FirebaseInstallations;
		};
		D37E7A672987917200F7ADCD /* FirebaseMLModelDownloader */ = {
			isa = XCSwiftPackageProductDependency;
			package = D37E7A3E2987917100F7ADCD /* XCRemoteSwiftPackageReference "firebase-ios-sdk" */;
			productName = FirebaseMLModelDownloader;
		};
		D37E7A692987917200F7ADCD /* FirebaseMessaging */ = {
			isa = XCSwiftPackageProductDependency;
			package = D37E7A3E2987917100F7ADCD /* XCRemoteSwiftPackageReference "firebase-ios-sdk" */;
			productName = FirebaseMessaging;
		};
		D37E7A6B2987917200F7ADCD /* FirebasePerformance */ = {
			isa = XCSwiftPackageProductDependency;
			package = D37E7A3E2987917100F7ADCD /* XCRemoteSwiftPackageReference "firebase-ios-sdk" */;
			productName = FirebasePerformance;
		};
		D37E7A6D2987917200F7ADCD /* FirebaseRemoteConfig */ = {
			isa = XCSwiftPackageProductDependency;
			package = D37E7A3E2987917100F7ADCD /* XCRemoteSwiftPackageReference "firebase-ios-sdk" */;
			productName = FirebaseRemoteConfig;
		};
		D37E7A6F2987917200F7ADCD /* FirebaseRemoteConfigSwift */ = {
			isa = XCSwiftPackageProductDependency;
			package = D37E7A3E2987917100F7ADCD /* XCRemoteSwiftPackageReference "firebase-ios-sdk" */;
			productName = FirebaseRemoteConfigSwift;
		};
		D37E7A712987917200F7ADCD /* FirebaseStorage */ = {
			isa = XCSwiftPackageProductDependency;
			package = D37E7A3E2987917100F7ADCD /* XCRemoteSwiftPackageReference "firebase-ios-sdk" */;
			productName = FirebaseStorage;
		};
		D37E7A732987917200F7ADCD /* FirebaseStorageCombine-Community */ = {
			isa = XCSwiftPackageProductDependency;
			package = D37E7A3E2987917100F7ADCD /* XCRemoteSwiftPackageReference "firebase-ios-sdk" */;
			productName = "FirebaseStorageCombine-Community";
		};
		EDDAC745298E9E790009A250 /* Drawer */ = {
			isa = XCSwiftPackageProductDependency;
			package = EDDAC744298E9E790009A250 /* XCRemoteSwiftPackageReference "swiftui-drawer" */;
			productName = Drawer;
		};
/* End XCSwiftPackageProductDependency section */
	};
	rootObject = A40F6A092975E69B00F82F50 /* Project object */;
}
